
Microsoft Visual Studio Solution File, Format Version 12.00
# Visual Studio Version 17
VisualStudioVersion = 17.0.32126.317
MinimumVisualStudioVersion = 10.0.40219.1
Project("{FAE04EC0-301F-11D3-BF4B-00C04F79EFBC}") = "TestUtilieis", "TestUtilieis\TestUtilieis.csproj", "{FBC95848-B444-4B94-977E-6E442D6556E8}"
EndProject
Project("{FAE04EC0-301F-11D3-BF4B-00C04F79EFBC}") = "Samples", "Samples\Samples.csproj", "{73D9C0FA-33E5-41CD-999A-A93B8DFC2164}"
EndProject
Global
	GlobalSection(SolutionConfigurationPlatforms) = preSolution
		Debug|Any CPU = Debug|Any CPU
		Release|Any CPU = Release|Any CPU
	EndGlobalSection
	GlobalSection(ProjectConfigurationPlatforms) = postSolution
		{FBC95848-B444-4B94-977E-6E442D6556E8}.Debug|Any CPU.ActiveCfg = Debug|Any CPU
		{FBC95848-B444-4B94-977E-6E442D6556E8}.Debug|Any CPU.Build.0 = Debug|Any CPU
		{FBC95848-B444-4B94-977E-6E442D6556E8}.Release|Any CPU.ActiveCfg = Release|Any CPU
		{FBC95848-B444-4B94-977E-6E442D6556E8}.Release|Any CPU.Build.0 = Release|Any CPU
		{73D9C0FA-33E5-41CD-999A-A93B8DFC2164}.Debug|Any CPU.ActiveCfg = Debug|Any CPU
		{73D9C0FA-33E5-41CD-999A-A93B8DFC2164}.Debug|Any CPU.Build.0 = Debug|Any CPU
		{73D9C0FA-33E5-41CD-999A-A93B8DFC2164}.Release|Any CPU.ActiveCfg = Release|Any CPU
		{73D9C0FA-33E5-41CD-999A-A93B8DFC2164}.Release|Any CPU.Build.0 = Release|Any CPU
	EndGlobalSection
	GlobalSection(SolutionProperties) = preSolution
		HideSolutionNode = FALSE
	EndGlobalSection
	GlobalSection(ExtensibilityGlobals) = postSolution
		SolutionGuid = {2BB17A92-5C5F-4A4D-B1F2-45858C4CD4D1}
	EndGlobalSection
EndGlobal
